
Microsoft Visual Studio Solution File, Format Version 12.00
# Visual Studio Version 16
VisualStudioVersion = 16.0.30611.23
MinimumVisualStudioVersion = 10.0.40219.1
Project("{FAE04EC0-301F-11D3-BF4B-00C04F79EFBC}") = "dotNet5781_00_7588_3756", "dotNet5781_00_7588_3756\dotNet5781_00_7588_3756.csproj", "{CD98A84F-DACF-41F2-BC41-5E531F4894A9}"
EndProject
Project("{2150E333-8FDC-42A3-9474-1A3956D46DE8}") = "Solution Items", "Solution Items", "{CE62548C-9ACE-419F-B99E-D50C73F300CD}"
	ProjectSection(SolutionItems) = preProject
		Class1.cs = Class1.cs
	EndProjectSection
EndProject
Global
	GlobalSection(SolutionConfigurationPlatforms) = preSolution
		Debug|Any CPU = Debug|Any CPU
		Release|Any CPU = Release|Any CPU
	EndGlobalSection
	GlobalSection(ProjectConfigurationPlatforms) = postSolution
		{CD98A84F-DACF-41F2-BC41-5E531F4894A9}.Debug|Any CPU.ActiveCfg = Debug|Any CPU
		{CD98A84F-DACF-41F2-BC41-5E531F4894A9}.Debug|Any CPU.Build.0 = Debug|Any CPU
		{CD98A84F-DACF-41F2-BC41-5E531F4894A9}.Release|Any CPU.ActiveCfg = Release|Any CPU
		{CD98A84F-DACF-41F2-BC41-5E531F4894A9}.Release|Any CPU.Build.0 = Release|Any CPU
	EndGlobalSection
	GlobalSection(SolutionProperties) = preSolution
		HideSolutionNode = FALSE
	EndGlobalSection
	GlobalSection(ExtensibilityGlobals) = postSolution
		SolutionGuid = {29AB846A-ECF1-4BA3-B746-387BA45657EE}
	EndGlobalSection
EndGlobal
